
Microsoft Visual Studio Solution File, Format Version 12.00
# Visual Studio Version 17
VisualStudioVersion = 17.9.34622.214
MinimumVisualStudioVersion = 10.0.40219.1
Project("{FAE04EC0-301F-11D3-BF4B-00C04F79EFBC}") = "Consoleproject", "Consoleproject\Consoleproject.csproj", "{66BC31F2-BB7F-4610-8D65-00637D0E1986}"
EndProject
Global
	GlobalSection(SolutionConfigurationPlatforms) = preSolution
		Debug|Any CPU = Debug|Any CPU
		Release|Any CPU = Release|Any CPU
	EndGlobalSection
	GlobalSection(ProjectConfigurationPlatforms) = postSolution
		{66BC31F2-BB7F-4610-8D65-00637D0E1986}.Debug|Any CPU.ActiveCfg = Debug|Any CPU
		{66BC31F2-BB7F-4610-8D65-00637D0E1986}.Debug|Any CPU.Build.0 = Debug|Any CPU
		{66BC31F2-BB7F-4610-8D65-00637D0E1986}.Release|Any CPU.ActiveCfg = Release|Any CPU
		{66BC31F2-BB7F-4610-8D65-00637D0E1986}.Release|Any CPU.Build.0 = Release|Any CPU
	EndGlobalSection
	GlobalSection(SolutionProperties) = preSolution
		HideSolutionNode = FALSE
	EndGlobalSection
	GlobalSection(ExtensibilityGlobals) = postSolution
		SolutionGuid = {3ED75CE7-5544-47A0-BF56-500E9424D601}
	EndGlobalSection
EndGlobal
